
Microsoft Visual Studio Solution File, Format Version 12.00
# Visual Studio Version 17
VisualStudioVersion = 17.3.32811.315
MinimumVisualStudioVersion = 10.0.40219.1
Project("{FAE04EC0-301F-11D3-BF4B-00C04F79EFBC}") = "CyberMovies.Android", "CyberMovies.Android\CyberMovies.Android.csproj", "{1F0433C2-1180-4781-84A9-53A0E2E26F18}"
EndProject
Project("{FAE04EC0-301F-11D3-BF4B-00C04F79EFBC}") = "CyberMovies.iOS", "CyberMovies.iOS\CyberMovies.iOS.csproj", "{21805E1A-4B38-483F-A725-CB47198A1C73}"
EndProject
Project("{FAE04EC0-301F-11D3-BF4B-00C04F79EFBC}") = "CyberMovies", "CyberMovies\CyberMovies.csproj", "{216B3109-AE3B-42A3-976F-5487A5D87576}"
EndProject
Global
	GlobalSection(SolutionConfigurationPlatforms) = preSolution
		Debug|Any CPU = Debug|Any CPU
		Debug|iPhone = Debug|iPhone
		Debug|iPhoneSimulator = Debug|iPhoneSimulator
		Release|Any CPU = Release|Any CPU
		Release|iPhone = Release|iPhone
		Release|iPhoneSimulator = Release|iPhoneSimulator
	EndGlobalSection
	GlobalSection(ProjectConfigurationPlatforms) = postSolution
		{1F0433C2-1180-4781-84A9-53A0E2E26F18}.Debug|Any CPU.ActiveCfg = Debug|Any CPU
		{1F0433C2-1180-4781-84A9-53A0E2E26F18}.Debug|Any CPU.Build.0 = Debug|Any CPU
		{1F0433C2-1180-4781-84A9-53A0E2E26F18}.Debug|Any CPU.Deploy.0 = Debug|Any CPU
		{1F0433C2-1180-4781-84A9-53A0E2E26F18}.Debug|iPhone.ActiveCfg = Debug|Any CPU
		{1F0433C2-1180-4781-84A9-53A0E2E26F18}.Debug|iPhone.Build.0 = Debug|Any CPU
		{1F0433C2-1180-4781-84A9-53A0E2E26F18}.Debug|iPhone.Deploy.0 = Debug|Any CPU
		{1F0433C2-1180-4781-84A9-53A0E2E26F18}.Debug|iPhoneSimulator.ActiveCfg = Debug|Any CPU
		{1F0433C2-1180-4781-84A9-53A0E2E26F18}.Debug|iPhoneSimulator.Build.0 = Debug|Any CPU
		{1F0433C2-1180-4781-84A9-53A0E2E26F18}.Debug|iPhoneSimulator.Deploy.0 = Debug|Any CPU
		{1F0433C2-1180-4781-84A9-53A0E2E26F18}.Release|Any CPU.ActiveCfg = Release|Any CPU
		{1F0433C2-1180-4781-84A9-53A0E2E26F18}.Release|Any CPU.Build.0 = Release|Any CPU
		{1F0433C2-1180-4781-84A9-53A0E2E26F18}.Release|Any CPU.Deploy.0 = Release|Any CPU
		{1F0433C2-1180-4781-84A9-53A0E2E26F18}.Release|iPhone.ActiveCfg = Release|Any CPU
		{1F0433C2-1180-4781-84A9-53A0E2E26F18}.Release|iPhone.Build.0 = Release|Any CPU
		{1F0433C2-1180-4781-84A9-53A0E2E26F18}.Release|iPhone.Deploy.0 = Release|Any CPU
		{1F0433C2-1180-4781-84A9-53A0E2E26F18}.Release|iPhoneSimulator.ActiveCfg = Release|Any CPU
		{1F0433C2-1180-4781-84A9-53A0E2E26F18}.Release|iPhoneSimulator.Build.0 = Release|Any CPU
		{1F0433C2-1180-4781-84A9-53A0E2E26F18}.Release|iPhoneSimulator.Deploy.0 = Release|Any CPU
		{21805E1A-4B38-483F-A725-CB47198A1C73}.Debug|Any CPU.ActiveCfg = Debug|iPhone
		{21805E1A-4B38-483F-A725-CB47198A1C73}.Debug|Any CPU.Build.0 = Debug|iPhone
		{21805E1A-4B38-483F-A725-CB47198A1C73}.Debug|Any CPU.Deploy.0 = Debug|iPhone
		{21805E1A-4B38-483F-A725-CB47198A1C73}.Debug|iPhone.ActiveCfg = Debug|iPhone
		{21805E1A-4B38-483F-A725-CB47198A1C73}.Debug|iPhone.Build.0 = Debug|iPhone
		{21805E1A-4B38-483F-A725-CB47198A1C73}.Debug|iPhone.Deploy.0 = Debug|iPhone
		{21805E1A-4B38-483F-A725-CB47198A1C73}.Debug|iPhoneSimulator.ActiveCfg = Debug|iPhoneSimulator
		{21805E1A-4B38-483F-A725-CB47198A1C73}.Debug|iPhoneSimulator.Build.0 = Debug|iPhoneSimulator
		{21805E1A-4B38-483F-A725-CB47198A1C73}.Debug|iPhoneSimulator.Deploy.0 = Debug|iPhoneSimulator
		{21805E1A-4B38-483F-A725-CB47198A1C73}.Release|Any CPU.ActiveCfg = Release|iPhoneSimulator
		{21805E1A-4B38-483F-A725-CB47198A1C73}.Release|Any CPU.Build.0 = Release|iPhoneSimulator
		{21805E1A-4B38-483F-A725-CB47198A1C73}.Release|Any CPU.Deploy.0 = Release|iPhoneSimulator
		{21805E1A-4B38-483F-A725-CB47198A1C73}.Release|iPhone.ActiveCfg = Release|iPhone
		{21805E1A-4B38-483F-A725-CB47198A1C73}.Release|iPhone.Build.0 = Release|iPhone
		{21805E1A-4B38-483F-A725-CB47198A1C73}.Release|iPhone.Deploy.0 = Release|iPhone
		{21805E1A-4B38-483F-A725-CB47198A1C73}.Release|iPhoneSimulator.ActiveCfg = Release|iPhoneSimulator
		{21805E1A-4B38-483F-A725-CB47198A1C73}.Release|iPhoneSimulator.Build.0 = Release|iPhoneSimulator
		{21805E1A-4B38-483F-A725-CB47198A1C73}.Release|iPhoneSimulator.Deploy.0 = Release|iPhoneSimulator
		{216B3109-AE3B-42A3-976F-5487A5D87576}.Debug|Any CPU.ActiveCfg = Debug|Any CPU
		{216B3109-AE3B-42A3-976F-5487A5D87576}.Debug|Any CPU.Build.0 = Debug|Any CPU
		{216B3109-AE3B-42A3-976F-5487A5D87576}.Debug|Any CPU.Deploy.0 = Debug|Any CPU
		{216B3109-AE3B-42A3-976F-5487A5D87576}.Debug|iPhone.ActiveCfg = Debug|Any CPU
		{216B3109-AE3B-42A3-976F-5487A5D87576}.Debug|iPhone.Build.0 = Debug|Any CPU
		{216B3109-AE3B-42A3-976F-5487A5D87576}.Debug|iPhone.Deploy.0 = Debug|Any CPU
		{216B3109-AE3B-42A3-976F-5487A5D87576}.Debug|iPhoneSimulator.ActiveCfg = Debug|Any CPU
		{216B3109-AE3B-42A3-976F-5487A5D87576}.Debug|iPhoneSimulator.Build.0 = Debug|Any CPU
		{216B3109-AE3B-42A3-976F-5487A5D87576}.Debug|iPhoneSimulator.Deploy.0 = Debug|Any CPU
		{216B3109-AE3B-42A3-976F-5487A5D87576}.Release|Any CPU.ActiveCfg = Release|Any CPU
		{216B3109-AE3B-42A3-976F-5487A5D87576}.Release|Any CPU.Build.0 = Release|Any CPU
		{216B3109-AE3B-42A3-976F-5487A5D87576}.Release|Any CPU.Deploy.0 = Release|Any CPU
		{216B3109-AE3B-42A3-976F-5487A5D87576}.Release|iPhone.ActiveCfg = Release|Any CPU
		{216B3109-AE3B-42A3-976F-5487A5D87576}.Release|iPhone.Build.0 = Release|Any CPU
		{216B3109-AE3B-42A3-976F-5487A5D87576}.Release|iPhone.Deploy.0 = Release|Any CPU
		{216B3109-AE3B-42A3-976F-5487A5D87576}.Release|iPhoneSimulator.ActiveCfg = Release|Any CPU
		{216B3109-AE3B-42A3-976F-5487A5D87576}.Release|iPhoneSimulator.Build.0 = Release|Any CPU
		{216B3109-AE3B-42A3-976F-5487A5D87576}.Release|iPhoneSimulator.Deploy.0 = Release|Any CPU
	EndGlobalSection
	GlobalSection(SolutionProperties) = preSolution
		HideSolutionNode = FALSE
	EndGlobalSection
	GlobalSection(ExtensibilityGlobals) = postSolution
		SolutionGuid = {28394567-419D-4974-BDED-8B6A1BA48D23}
	EndGlobalSection
EndGlobal
